
Microsoft Visual Studio Solution File, Format Version 12.00
# Visual Studio Version 16
VisualStudioVersion = 16.0.30517.126
MinimumVisualStudioVersion = 10.0.40219.1
Project("{FAE04EC0-301F-11D3-BF4B-00C04F79EFBC}") = "CompanyEmployees", "CompanyEmployees.csproj", "{52AE1464-7A8C-4643-AE5F-0577C16329F5}"
EndProject
Global
	GlobalSection(SolutionConfigurationPlatforms) = preSolution
		Debug|Any CPU = Debug|Any CPU
		Release|Any CPU = Release|Any CPU
	EndGlobalSection
	GlobalSection(ProjectConfigurationPlatforms) = postSolution
		{52AE1464-7A8C-4643-AE5F-0577C16329F5}.Debug|Any CPU.ActiveCfg = Debug|Any CPU
		{52AE1464-7A8C-4643-AE5F-0577C16329F5}.Debug|Any CPU.Build.0 = Debug|Any CPU
		{52AE1464-7A8C-4643-AE5F-0577C16329F5}.Release|Any CPU.ActiveCfg = Release|Any CPU
		{52AE1464-7A8C-4643-AE5F-0577C16329F5}.Release|Any CPU.Build.0 = Release|Any CPU
	EndGlobalSection
	GlobalSection(SolutionProperties) = preSolution
		HideSolutionNode = FALSE
	EndGlobalSection
	GlobalSection(ExtensibilityGlobals) = postSolution
		SolutionGuid = {3BE7206A-6F32-4702-860D-0BFDCC83E236}
	EndGlobalSection
EndGlobal
